// !$*UTF8*$!
{
	archiveVersion = 1;
	classes = {
	};
	objectVersion = 46;
	objects = {

/* Begin PBXBuildFile section */
		0AAD6FA8A54B5DF0CDB077DB /* Pods_iosapp.framework in Frameworks */ = {isa = PBXBuildFile; fileRef = 927CA356797ABE9E9EE4629E /* Pods_iosapp.framework */; };
		F92879F51F2B8116005FDBCC /* GoogleService-Info.plist in Resources */ = {isa = PBXBuildFile; fileRef = F92879F41F2B8116005FDBCC /* GoogleService-Info.plist */; };
		F92879F91F2B837D005FDBCC /* LoginViewController.swift in Sources */ = {isa = PBXBuildFile; fileRef = F92879F81F2B837D005FDBCC /* LoginViewController.swift */; };
		F92879FB1F2B8685005FDBCC /* Storyboard+Utility.swift in Sources */ = {isa = PBXBuildFile; fileRef = F92879FA1F2B8685005FDBCC /* Storyboard+Utility.swift */; };
		F92879FE1F2B8B65005FDBCC /* Constants.swift in Sources */ = {isa = PBXBuildFile; fileRef = F92879FD1F2B8B65005FDBCC /* Constants.swift */; };
		F9287A011F2B963B005FDBCC /* CreateUsernameViewController.swift in Sources */ = {isa = PBXBuildFile; fileRef = F9287A001F2B963B005FDBCC /* CreateUsernameViewController.swift */; };
		F9287A031F2BA969005FDBCC /* Main.storyboard in Resources */ = {isa = PBXBuildFile; fileRef = F9287A051F2BA969005FDBCC /* Main.storyboard */; };
		F9287A081F2BAB73005FDBCC /* Login.storyboard in Resources */ = {isa = PBXBuildFile; fileRef = F9287A071F2BAB73005FDBCC /* Login.storyboard */; };
		F9287A0B1F2BDF7C005FDBCC /* CoreLocation.framework in Frameworks */ = {isa = PBXBuildFile; fileRef = F9287A0A1F2BDF7C005FDBCC /* CoreLocation.framework */; };
		F945A6481F30FA0F00D8112E /* MGPhotoHelper.swift in Sources */ = {isa = PBXBuildFile; fileRef = F945A6471F30FA0F00D8112E /* MGPhotoHelper.swift */; };
		F945A64B1F30FAD600D8112E /* StorageService.swift in Sources */ = {isa = PBXBuildFile; fileRef = F945A64A1F30FAD600D8112E /* StorageService.swift */; };
		F945A64D1F30FC3000D8112E /* StorageReference.swift in Sources */ = {isa = PBXBuildFile; fileRef = F945A64C1F30FC3000D8112E /* StorageReference.swift */; };
		F945A6511F32199400D8112E /* LocationService.swift in Sources */ = {isa = PBXBuildFile; fileRef = F945A6501F32199400D8112E /* LocationService.swift */; };
		F945A6531F3219A600D8112E /* Location.swift in Sources */ = {isa = PBXBuildFile; fileRef = F945A6521F3219A600D8112E /* Location.swift */; };
		F945A6551F32261600D8112E /* YelpService.swift in Sources */ = {isa = PBXBuildFile; fileRef = F945A6541F32261600D8112E /* YelpService.swift */; };
		F945A6571F32615D00D8112E /* YLPClient+Futures.swift in Sources */ = {isa = PBXBuildFile; fileRef = F945A6561F32615D00D8112E /* YLPClient+Futures.swift */; };
		F9873D441F2645300087935E /* AppDelegate.swift in Sources */ = {isa = PBXBuildFile; fileRef = F9873D431F2645300087935E /* AppDelegate.swift */; };
		F9873D461F2645300087935E /* ViewController.swift in Sources */ = {isa = PBXBuildFile; fileRef = F9873D451F2645300087935E /* ViewController.swift */; };
		F9873D4B1F2645300087935E /* Assets.xcassets in Resources */ = {isa = PBXBuildFile; fileRef = F9873D4A1F2645300087935E /* Assets.xcassets */; };
		F9873D4E1F2645300087935E /* LaunchScreen.storyboard in Resources */ = {isa = PBXBuildFile; fileRef = F9873D4C1F2645300087935E /* LaunchScreen.storyboard */; };
		F9873D591F26469D0087935E /* User.swift in Sources */ = {isa = PBXBuildFile; fileRef = F9873D581F26469D0087935E /* User.swift */; };
		F9873D5C1F2646CB0087935E /* UserService.swift in Sources */ = {isa = PBXBuildFile; fileRef = F9873D5B1F2646CB0087935E /* UserService.swift */; };
		F9C3F6181F41D5FC00AAB7AD /* run.mp4 in Resources */ = {isa = PBXBuildFile; fileRef = F9C3F6171F41D5FC00AAB7AD /* run.mp4 */; };
		F9C3F61C1F41F44E00AAB7AD /* runner.jpeg in Resources */ = {isa = PBXBuildFile; fileRef = F9C3F61B1F41F44E00AAB7AD /* runner.jpeg */; };
		F9C3F6201F421CFD00AAB7AD /* beers.png in Resources */ = {isa = PBXBuildFile; fileRef = F9C3F61F1F421CFD00AAB7AD /* beers.png */; };
		F9C3F6221F44832000AAB7AD /* Chat.swift in Sources */ = {isa = PBXBuildFile; fileRef = F9C3F6211F44832000AAB7AD /* Chat.swift */; };
		F9C3F6241F44833E00AAB7AD /* Message.swift in Sources */ = {isa = PBXBuildFile; fileRef = F9C3F6231F44833E00AAB7AD /* Message.swift */; };
		F9C3F6261F449A6F00AAB7AD /* ChatService.swift in Sources */ = {isa = PBXBuildFile; fileRef = F9C3F6251F449A6F00AAB7AD /* ChatService.swift */; };
		F9C3F6291F449B3100AAB7AD /* ChatListCell.swift in Sources */ = {isa = PBXBuildFile; fileRef = F9C3F6281F449B3100AAB7AD /* ChatListCell.swift */; };
		F9C3F62B1F449B5400AAB7AD /* NewChatUserCell.swift in Sources */ = {isa = PBXBuildFile; fileRef = F9C3F62A1F449B5400AAB7AD /* NewChatUserCell.swift */; };
		F9C3F62D1F449BA300AAB7AD /* ChatListViewController.swift in Sources */ = {isa = PBXBuildFile; fileRef = F9C3F62C1F449BA300AAB7AD /* ChatListViewController.swift */; };
		F9C3F62F1F449BBB00AAB7AD /* NewChatViewController.swift in Sources */ = {isa = PBXBuildFile; fileRef = F9C3F62E1F449BBB00AAB7AD /* NewChatViewController.swift */; };
		F9C3F6311F449BD400AAB7AD /* ChatViewController.swift in Sources */ = {isa = PBXBuildFile; fileRef = F9C3F6301F449BD400AAB7AD /* ChatViewController.swift */; };
		F9C3F6341F44CF8C00AAB7AD /* Chat.storyboard in Resources */ = {isa = PBXBuildFile; fileRef = F9C3F6321F44CF8C00AAB7AD /* Chat.storyboard */; };
		F9C3F6361F48C7C700AAB7AD /* DestinationChoicesViewController.swift in Sources */ = {isa = PBXBuildFile; fileRef = F9C3F6351F48C7C600AAB7AD /* DestinationChoicesViewController.swift */; };
		F9C737181F6856BF009F56DE /* GradientView.swift in Sources */ = {isa = PBXBuildFile; fileRef = F9C737171F6856BF009F56DE /* GradientView.swift */; };
		F9E26ED31F4B735300B54401 /* CustomTableViewCell.swift in Sources */ = {isa = PBXBuildFile; fileRef = F9E26ED11F4B735300B54401 /* CustomTableViewCell.swift */; };
		F9E26ED41F4B735300B54401 /* CustomTableViewCell.xib in Resources */ = {isa = PBXBuildFile; fileRef = F9E26ED21F4B735300B54401 /* CustomTableViewCell.xib */; };
/* End PBXBuildFile section */

/* Begin PBXFileReference section */
		606E2E9708E6799D1C557787 /* Pods-iosapp.release.xcconfig */ = {isa = PBXFileReference; includeInIndex = 1; lastKnownFileType = text.xcconfig; name = "Pods-iosapp.release.xcconfig"; path = "Pods/Target Support Files/Pods-iosapp/Pods-iosapp.release.xcconfig"; sourceTree = "<group>"; };
		927CA356797ABE9E9EE4629E /* Pods_iosapp.framework */ = {isa = PBXFileReference; explicitFileType = wrapper.framework; includeInIndex = 0; path = Pods_iosapp.framework; sourceTree = BUILT_PRODUCTS_DIR; };
		A542D5A165F69F985F37E01E /* Pods-iosapp.debug.xcconfig */ = {isa = PBXFileReference; includeInIndex = 1; lastKnownFileType = text.xcconfig; name = "Pods-iosapp.debug.xcconfig"; path = "Pods/Target Support Files/Pods-iosapp/Pods-iosapp.debug.xcconfig"; sourceTree = "<group>"; };
		F92879F41F2B8116005FDBCC /* GoogleService-Info.plist */ = {isa = PBXFileReference; fileEncoding = 4; lastKnownFileType = text.plist.xml; path = "GoogleService-Info.plist"; sourceTree = "<group>"; };
		F92879F81F2B837D005FDBCC /* LoginViewController.swift */ = {isa = PBXFileReference; fileEncoding = 4; lastKnownFileType = sourcecode.swift; path = LoginViewController.swift; sourceTree = "<group>"; };
		F92879FA1F2B8685005FDBCC /* Storyboard+Utility.swift */ = {isa = PBXFileReference; fileEncoding = 4; lastKnownFileType = sourcecode.swift; path = "Storyboard+Utility.swift"; sourceTree = "<group>"; };
		F92879FD1F2B8B65005FDBCC /* Constants.swift */ = {isa = PBXFileReference; fileEncoding = 4; lastKnownFileType = sourcecode.swift; path = Constants.swift; sourceTree = "<group>"; };
		F9287A001F2B963B005FDBCC /* CreateUsernameViewController.swift */ = {isa = PBXFileReference; fileEncoding = 4; lastKnownFileType = sourcecode.swift; path = CreateUsernameViewController.swift; sourceTree = "<group>"; };
		F9287A041F2BA969005FDBCC /* Base */ = {isa = PBXFileReference; lastKnownFileType = file.storyboard; name = Base; path = Base.lproj/Main.storyboard; sourceTree = "<group>"; };
		F9287A071F2BAB73005FDBCC /* Login.storyboard */ = {isa = PBXFileReference; fileEncoding = 4; lastKnownFileType = file.storyboard; path = Login.storyboard; sourceTree = "<group>"; };
		F9287A0A1F2BDF7C005FDBCC /* CoreLocation.framework */ = {isa = PBXFileReference; lastKnownFileType = wrapper.framework; name = CoreLocation.framework; path = System/Library/Frameworks/CoreLocation.framework; sourceTree = SDKROOT; };
		F945A6471F30FA0F00D8112E /* MGPhotoHelper.swift */ = {isa = PBXFileReference; fileEncoding = 4; lastKnownFileType = sourcecode.swift; path = MGPhotoHelper.swift; sourceTree = "<group>"; };
		F945A64A1F30FAD600D8112E /* StorageService.swift */ = {isa = PBXFileReference; fileEncoding = 4; lastKnownFileType = sourcecode.swift; path = StorageService.swift; sourceTree = "<group>"; };
		F945A64C1F30FC3000D8112E /* StorageReference.swift */ = {isa = PBXFileReference; fileEncoding = 4; lastKnownFileType = sourcecode.swift; path = StorageReference.swift; sourceTree = "<group>"; };
		F945A6501F32199400D8112E /* LocationService.swift */ = {isa = PBXFileReference; fileEncoding = 4; lastKnownFileType = sourcecode.swift; path = LocationService.swift; sourceTree = "<group>"; };
		F945A6521F3219A600D8112E /* Location.swift */ = {isa = PBXFileReference; fileEncoding = 4; lastKnownFileType = sourcecode.swift; path = Location.swift; sourceTree = "<group>"; };
		F945A6541F32261600D8112E /* YelpService.swift */ = {isa = PBXFileReference; fileEncoding = 4; lastKnownFileType = sourcecode.swift; path = YelpService.swift; sourceTree = "<group>"; };
		F945A6561F32615D00D8112E /* YLPClient+Futures.swift */ = {isa = PBXFileReference; fileEncoding = 4; lastKnownFileType = sourcecode.swift; path = "YLPClient+Futures.swift"; sourceTree = "<group>"; };
		F9873D401F2645300087935E /* iosapp.app */ = {isa = PBXFileReference; explicitFileType = wrapper.application; includeInIndex = 0; path = iosapp.app; sourceTree = BUILT_PRODUCTS_DIR; };
		F9873D431F2645300087935E /* AppDelegate.swift */ = {isa = PBXFileReference; lastKnownFileType = sourcecode.swift; path = AppDelegate.swift; sourceTree = "<group>"; };
		F9873D451F2645300087935E /* ViewController.swift */ = {isa = PBXFileReference; lastKnownFileType = sourcecode.swift; path = ViewController.swift; sourceTree = "<group>"; };
		F9873D4A1F2645300087935E /* Assets.xcassets */ = {isa = PBXFileReference; lastKnownFileType = folder.assetcatalog; path = Assets.xcassets; sourceTree = "<group>"; };
		F9873D4D1F2645300087935E /* Base */ = {isa = PBXFileReference; lastKnownFileType = file.storyboard; name = Base; path = Base.lproj/LaunchScreen.storyboard; sourceTree = "<group>"; };
		F9873D4F1F2645300087935E /* Info.plist */ = {isa = PBXFileReference; lastKnownFileType = text.plist.xml; path = Info.plist; sourceTree = "<group>"; };
		F9873D581F26469D0087935E /* User.swift */ = {isa = PBXFileReference; fileEncoding = 4; lastKnownFileType = sourcecode.swift; path = User.swift; sourceTree = "<group>"; };
		F9873D5B1F2646CB0087935E /* UserService.swift */ = {isa = PBXFileReference; fileEncoding = 4; lastKnownFileType = sourcecode.swift; path = UserService.swift; sourceTree = "<group>"; };
		F9C3F6171F41D5FC00AAB7AD /* run.mp4 */ = {isa = PBXFileReference; lastKnownFileType = file; path = run.mp4; sourceTree = "<group>"; };
		F9C3F61B1F41F44E00AAB7AD /* runner.jpeg */ = {isa = PBXFileReference; lastKnownFileType = image.jpeg; path = runner.jpeg; sourceTree = "<group>"; };
		F9C3F61F1F421CFD00AAB7AD /* beers.png */ = {isa = PBXFileReference; lastKnownFileType = image.png; path = beers.png; sourceTree = "<group>"; };
		F9C3F6211F44832000AAB7AD /* Chat.swift */ = {isa = PBXFileReference; fileEncoding = 4; lastKnownFileType = sourcecode.swift; path = Chat.swift; sourceTree = "<group>"; };
		F9C3F6231F44833E00AAB7AD /* Message.swift */ = {isa = PBXFileReference; fileEncoding = 4; lastKnownFileType = sourcecode.swift; path = Message.swift; sourceTree = "<group>"; };
		F9C3F6251F449A6F00AAB7AD /* ChatService.swift */ = {isa = PBXFileReference; fileEncoding = 4; lastKnownFileType = sourcecode.swift; path = ChatService.swift; sourceTree = "<group>"; };
		F9C3F6281F449B3100AAB7AD /* ChatListCell.swift */ = {isa = PBXFileReference; fileEncoding = 4; lastKnownFileType = sourcecode.swift; path = ChatListCell.swift; sourceTree = "<group>"; };
		F9C3F62A1F449B5400AAB7AD /* NewChatUserCell.swift */ = {isa = PBXFileReference; fileEncoding = 4; lastKnownFileType = sourcecode.swift; path = NewChatUserCell.swift; sourceTree = "<group>"; };
		F9C3F62C1F449BA300AAB7AD /* ChatListViewController.swift */ = {isa = PBXFileReference; fileEncoding = 4; lastKnownFileType = sourcecode.swift; path = ChatListViewController.swift; sourceTree = "<group>"; };
		F9C3F62E1F449BBB00AAB7AD /* NewChatViewController.swift */ = {isa = PBXFileReference; fileEncoding = 4; lastKnownFileType = sourcecode.swift; path = NewChatViewController.swift; sourceTree = "<group>"; };
		F9C3F6301F449BD400AAB7AD /* ChatViewController.swift */ = {isa = PBXFileReference; fileEncoding = 4; lastKnownFileType = sourcecode.swift; path = ChatViewController.swift; sourceTree = "<group>"; };
		F9C3F6331F44CF8C00AAB7AD /* Base */ = {isa = PBXFileReference; lastKnownFileType = file.storyboard; name = Base; path = Base.lproj/Chat.storyboard; sourceTree = "<group>"; };
		F9C3F6351F48C7C600AAB7AD /* DestinationChoicesViewController.swift */ = {isa = PBXFileReference; fileEncoding = 4; lastKnownFileType = sourcecode.swift; path = DestinationChoicesViewController.swift; sourceTree = "<group>"; };
		F9C737171F6856BF009F56DE /* GradientView.swift */ = {isa = PBXFileReference; fileEncoding = 4; lastKnownFileType = sourcecode.swift; path = GradientView.swift; sourceTree = "<group>"; };
		F9E26ED11F4B735300B54401 /* CustomTableViewCell.swift */ = {isa = PBXFileReference; fileEncoding = 4; lastKnownFileType = sourcecode.swift; path = CustomTableViewCell.swift; sourceTree = "<group>"; };
		F9E26ED21F4B735300B54401 /* CustomTableViewCell.xib */ = {isa = PBXFileReference; fileEncoding = 4; lastKnownFileType = file.xib; path = CustomTableViewCell.xib; sourceTree = "<group>"; };
/* End PBXFileReference section */

/* Begin PBXFrameworksBuildPhase section */
		F9873D3D1F2645300087935E /* Frameworks */ = {
			isa = PBXFrameworksBuildPhase;
			buildActionMask = 2147483647;
			files = (
				F9287A0B1F2BDF7C005FDBCC /* CoreLocation.framework in Frameworks */,
				0AAD6FA8A54B5DF0CDB077DB /* Pods_iosapp.framework in Frameworks */,
			);
			runOnlyForDeploymentPostprocessing = 0;
		};
/* End PBXFrameworksBuildPhase section */

/* Begin PBXGroup section */
		C28AA1CACFEEC635CDC4D020 /* Pods */ = {
			isa = PBXGroup;
			children = (
				A542D5A165F69F985F37E01E /* Pods-iosapp.debug.xcconfig */,
				606E2E9708E6799D1C557787 /* Pods-iosapp.release.xcconfig */,
			);
			name = Pods;
			sourceTree = "<group>";
		};
		D49F6BA2516BE674F80C2B83 /* Frameworks */ = {
			isa = PBXGroup;
			children = (
				F9287A0A1F2BDF7C005FDBCC /* CoreLocation.framework */,
				927CA356797ABE9E9EE4629E /* Pods_iosapp.framework */,
			);
			name = Frameworks;
			sourceTree = "<group>";
		};
		F92879FC1F2B868B005FDBCC /* Extensions */ = {
			isa = PBXGroup;
			children = (
				F945A64C1F30FC3000D8112E /* StorageReference.swift */,
				F92879FA1F2B8685005FDBCC /* Storyboard+Utility.swift */,
			);
			name = Extensions;
			sourceTree = "<group>";
		};
		F92879FF1F2B8B78005FDBCC /* Supporting FIles */ = {
			isa = PBXGroup;
			children = (
				F92879FD1F2B8B65005FDBCC /* Constants.swift */,
			);
			name = "Supporting FIles";
			sourceTree = "<group>";
		};
		F945A6491F30FA6200D8112E /* Helpers */ = {
			isa = PBXGroup;
			children = (
				F945A6471F30FA0F00D8112E /* MGPhotoHelper.swift */,
				F945A6561F32615D00D8112E /* YLPClient+Futures.swift */,
			);
			name = Helpers;
			sourceTree = "<group>";
		};
		F9873D371F2645300087935E = {
			isa = PBXGroup;
			children = (
				F9873D421F2645300087935E /* iosapp */,
				F9873D411F2645300087935E /* Products */,
				C28AA1CACFEEC635CDC4D020 /* Pods */,
				D49F6BA2516BE674F80C2B83 /* Frameworks */,
			);
			sourceTree = "<group>";
		};
		F9873D411F2645300087935E /* Products */ = {
			isa = PBXGroup;
			children = (
				F9873D401F2645300087935E /* iosapp.app */,
			);
			name = Products;
			sourceTree = "<group>";
		};
		F9873D421F2645300087935E /* iosapp */ = {
			isa = PBXGroup;
			children = (
				F9C3F6271F449AEF00AAB7AD /* Views */,
				F9C3F61F1F421CFD00AAB7AD /* beers.png */,
				F9C3F61B1F41F44E00AAB7AD /* runner.jpeg */,
				F9C3F6171F41D5FC00AAB7AD /* run.mp4 */,
				F9873D4F1F2645300087935E /* Info.plist */,
				F92879F41F2B8116005FDBCC /* GoogleService-Info.plist */,
				F9873D431F2645300087935E /* AppDelegate.swift */,
				F9873D5A1F2646B80087935E /* Services */,
				F9873D571F26468E0087935E /* Models */,
				F9873D561F2646430087935E /* Controllers */,
				F9873D551F2646270087935E /* Storyboards */,
				F9873D4A1F2645300087935E /* Assets.xcassets */,
				F92879FC1F2B868B005FDBCC /* Extensions */,
				F92879FF1F2B8B78005FDBCC /* Supporting FIles */,
				F945A6491F30FA6200D8112E /* Helpers */,
			);
			path = iosapp;
			sourceTree = "<group>";
		};
		F9873D551F2646270087935E /* Storyboards */ = {
			isa = PBXGroup;
			children = (
				F9287A071F2BAB73005FDBCC /* Login.storyboard */,
				F9873D4C1F2645300087935E /* LaunchScreen.storyboard */,
				F9287A051F2BA969005FDBCC /* Main.storyboard */,
				F9C3F6321F44CF8C00AAB7AD /* Chat.storyboard */,
			);
			name = Storyboards;
			sourceTree = "<group>";
		};
		F9873D561F2646430087935E /* Controllers */ = {
			isa = PBXGroup;
			children = (
				F9873D451F2645300087935E /* ViewController.swift */,
				F92879F81F2B837D005FDBCC /* LoginViewController.swift */,
				F9287A001F2B963B005FDBCC /* CreateUsernameViewController.swift */,
				F9C3F62C1F449BA300AAB7AD /* ChatListViewController.swift */,
				F9C3F62E1F449BBB00AAB7AD /* NewChatViewController.swift */,
				F9C3F6301F449BD400AAB7AD /* ChatViewController.swift */,
				F9C3F6351F48C7C600AAB7AD /* DestinationChoicesViewController.swift */,
			);
			name = Controllers;
			sourceTree = "<group>";
		};
		F9873D571F26468E0087935E /* Models */ = {
			isa = PBXGroup;
			children = (
				F9C3F6231F44833E00AAB7AD /* Message.swift */,
				F9873D581F26469D0087935E /* User.swift */,
				F945A6521F3219A600D8112E /* Location.swift */,
				F9C3F6211F44832000AAB7AD /* Chat.swift */,
			);
			name = Models;
			sourceTree = "<group>";
		};
		F9873D5A1F2646B80087935E /* Services */ = {
			isa = PBXGroup;
			children = (
				F9873D5B1F2646CB0087935E /* UserService.swift */,
				F945A64A1F30FAD600D8112E /* StorageService.swift */,
				F945A6501F32199400D8112E /* LocationService.swift */,
				F945A6541F32261600D8112E /* YelpService.swift */,
				F9C3F6251F449A6F00AAB7AD /* ChatService.swift */,
			);
			name = Services;
			sourceTree = "<group>";
		};
		F9C3F6271F449AEF00AAB7AD /* Views */ = {
			isa = PBXGroup;
			children = (
				F9C3F6281F449B3100AAB7AD /* ChatListCell.swift */,
				F9C3F62A1F449B5400AAB7AD /* NewChatUserCell.swift */,
				F9E26ED11F4B735300B54401 /* CustomTableViewCell.swift */,
				F9E26ED21F4B735300B54401 /* CustomTableViewCell.xib */,
				F9C737171F6856BF009F56DE /* GradientView.swift */,
			);
			name = Views;
			sourceTree = "<group>";
		};
/* End PBXGroup section */

/* Begin PBXNativeTarget section */
		F9873D3F1F2645300087935E /* iosapp */ = {
			isa = PBXNativeTarget;
			buildConfigurationList = F9873D521F2645300087935E /* Build configuration list for PBXNativeTarget "iosapp" */;
			buildPhases = (
				1415C1C3B260133480E33482 /* [CP] Check Pods Manifest.lock */,
				F9873D3C1F2645300087935E /* Sources */,
				F9873D3D1F2645300087935E /* Frameworks */,
				F9873D3E1F2645300087935E /* Resources */,
				DF15E2F598A5864DB41E8485 /* [CP] Embed Pods Frameworks */,
				149449F59B08C73D509E9BA4 /* [CP] Copy Pods Resources */,
			);
			buildRules = (
			);
			dependencies = (
			);
			name = iosapp;
			productName = iosapp;
			productReference = F9873D401F2645300087935E /* iosapp.app */;
			productType = "com.apple.product-type.application";
		};
/* End PBXNativeTarget section */

/* Begin PBXProject section */
		F9873D381F2645300087935E /* Project object */ = {
			isa = PBXProject;
			attributes = {
				LastSwiftUpdateCheck = 0830;
				LastUpgradeCheck = 0830;
				ORGANIZATIONNAME = "Sky Xu";
				TargetAttributes = {
					F9873D3F1F2645300087935E = {
						CreatedOnToolsVersion = 8.3.3;
						DevelopmentTeam = 2CL75PM5U8;
						ProvisioningStyle = Automatic;
					};
				};
			};
			buildConfigurationList = F9873D3B1F2645300087935E /* Build configuration list for PBXProject "iosapp" */;
			compatibilityVersion = "Xcode 3.2";
			developmentRegion = English;
			hasScannedForEncodings = 0;
			knownRegions = (
				en,
				Base,
			);
			mainGroup = F9873D371F2645300087935E;
			productRefGroup = F9873D411F2645300087935E /* Products */;
			projectDirPath = "";
			projectRoot = "";
			targets = (
				F9873D3F1F2645300087935E /* iosapp */,
			);
		};
/* End PBXProject section */

/* Begin PBXResourcesBuildPhase section */
		F9873D3E1F2645300087935E /* Resources */ = {
			isa = PBXResourcesBuildPhase;
			buildActionMask = 2147483647;
			files = (
				F9C3F6341F44CF8C00AAB7AD /* Chat.storyboard in Resources */,
				F9873D4E1F2645300087935E /* LaunchScreen.storyboard in Resources */,
				F9287A031F2BA969005FDBCC /* Main.storyboard in Resources */,
				F9C3F61C1F41F44E00AAB7AD /* runner.jpeg in Resources */,
				F9C3F6201F421CFD00AAB7AD /* beers.png in Resources */,
				F9C3F6181F41D5FC00AAB7AD /* run.mp4 in Resources */,
				F9873D4B1F2645300087935E /* Assets.xcassets in Resources */,
				F9287A081F2BAB73005FDBCC /* Login.storyboard in Resources */,
				F9E26ED41F4B735300B54401 /* CustomTableViewCell.xib in Resources */,
				F92879F51F2B8116005FDBCC /* GoogleService-Info.plist in Resources */,
			);
			runOnlyForDeploymentPostprocessing = 0;
		};
/* End PBXResourcesBuildPhase section */

/* Begin PBXShellScriptBuildPhase section */
		1415C1C3B260133480E33482 /* [CP] Check Pods Manifest.lock */ = {
			isa = PBXShellScriptBuildPhase;
			buildActionMask = 2147483647;
			files = (
			);
			inputPaths = (
				"${PODS_PODFILE_DIR_PATH}/Podfile.lock",
				"${PODS_ROOT}/Manifest.lock",
			);
			name = "[CP] Check Pods Manifest.lock";
			outputPaths = (
				"$(DERIVED_FILE_DIR)/Pods-iosapp-checkManifestLockResult.txt",
			);
			runOnlyForDeploymentPostprocessing = 0;
			shellPath = /bin/sh;
			shellScript = "diff \"${PODS_PODFILE_DIR_PATH}/Podfile.lock\" \"${PODS_ROOT}/Manifest.lock\" > /dev/null\nif [ $? != 0 ] ; then\n    # print error to STDERR\n    echo \"error: The sandbox is not in sync with the Podfile.lock. Run 'pod install' or update your CocoaPods installation.\" >&2\n    exit 1\nfi\n# This output is used by Xcode 'outputs' to avoid re-running this script phase.\necho \"SUCCESS\" > \"${SCRIPT_OUTPUT_FILE_0}\"\n";
			showEnvVarsInLog = 0;
		};
		149449F59B08C73D509E9BA4 /* [CP] Copy Pods Resources */ = {
			isa = PBXShellScriptBuildPhase;
			buildActionMask = 2147483647;
			files = (
			);
			inputPaths = (
				"${SRCROOT}/Pods/Target Support Files/Pods-iosapp/Pods-iosapp-resources.sh",
				$PODS_CONFIGURATION_BUILD_DIR/FirebaseUI/FirebaseAuthUI.bundle,
				$PODS_CONFIGURATION_BUILD_DIR/FirebaseUI/FirebaseFacebookAuthUI.bundle,
			);
			name = "[CP] Copy Pods Resources";
			outputPaths = (
				"${TARGET_BUILD_DIR}/${UNLOCALIZED_RESOURCES_FOLDER_PATH}",
			);
			runOnlyForDeploymentPostprocessing = 0;
			shellPath = /bin/sh;
			shellScript = "\"${SRCROOT}/Pods/Target Support Files/Pods-iosapp/Pods-iosapp-resources.sh\"\n";
			showEnvVarsInLog = 0;
		};
		DF15E2F598A5864DB41E8485 /* [CP] Embed Pods Frameworks */ = {
			isa = PBXShellScriptBuildPhase;
			buildActionMask = 2147483647;
			files = (
			);
			inputPaths = (
				"${SRCROOT}/Pods/Target Support Files/Pods-iosapp/Pods-iosapp-frameworks.sh",
				"${BUILT_PRODUCTS_DIR}/Alamofire/Alamofire.framework",
				"${BUILT_PRODUCTS_DIR}/AlamofireImage/AlamofireImage.framework",
				"${BUILT_PRODUCTS_DIR}/AlamofireNetworkActivityIndicator/AlamofireNetworkActivityIndicator.framework",
				"${BUILT_PRODUCTS_DIR}/Bolts/Bolts.framework",
				"${BUILT_PRODUCTS_DIR}/BrightFutures/BrightFutures.framework",
				"${BUILT_PRODUCTS_DIR}/FBSDKCoreKit/FBSDKCoreKit.framework",
				"${BUILT_PRODUCTS_DIR}/FBSDKLoginKit/FBSDKLoginKit.framework",
				"${BUILT_PRODUCTS_DIR}/FacebookCore/FacebookCore.framework",
				"${BUILT_PRODUCTS_DIR}/FacebookLogin/FacebookLogin.framework",
				"${BUILT_PRODUCTS_DIR}/GTMSessionFetcher/GTMSessionFetcher.framework",
				"${BUILT_PRODUCTS_DIR}/GoogleToolboxForMac/GoogleToolboxForMac.framework",
				"${BUILT_PRODUCTS_DIR}/JSQMessagesViewController/JSQMessagesViewController.framework",
				"${BUILT_PRODUCTS_DIR}/JSQSystemSoundPlayer/JSQSystemSoundPlayer.framework",
				"${BUILT_PRODUCTS_DIR}/Kingfisher/Kingfisher.framework",
				"${BUILT_PRODUCTS_DIR}/OAuthSwift/OAuthSwift.framework",
				"${BUILT_PRODUCTS_DIR}/Result/Result.framework",
				"${BUILT_PRODUCTS_DIR}/VideoBackground/VideoBackground.framework",
				"${BUILT_PRODUCTS_DIR}/YelpAPI/YelpAPI.framework",
				"${BUILT_PRODUCTS_DIR}/nanopb/nanopb.framework",
			);
			name = "[CP] Embed Pods Frameworks";
			outputPaths = (
				"${TARGET_BUILD_DIR}/${FRAMEWORKS_FOLDER_PATH}/Alamofire.framework",
				"${TARGET_BUILD_DIR}/${FRAMEWORKS_FOLDER_PATH}/AlamofireImage.framework",
				"${TARGET_BUILD_DIR}/${FRAMEWORKS_FOLDER_PATH}/AlamofireNetworkActivityIndicator.framework",
				"${TARGET_BUILD_DIR}/${FRAMEWORKS_FOLDER_PATH}/Bolts.framework",
				"${TARGET_BUILD_DIR}/${FRAMEWORKS_FOLDER_PATH}/BrightFutures.framework",
				"${TARGET_BUILD_DIR}/${FRAMEWORKS_FOLDER_PATH}/FBSDKCoreKit.framework",
				"${TARGET_BUILD_DIR}/${FRAMEWORKS_FOLDER_PATH}/FBSDKLoginKit.framework",
				"${TARGET_BUILD_DIR}/${FRAMEWORKS_FOLDER_PATH}/FacebookCore.framework",
				"${TARGET_BUILD_DIR}/${FRAMEWORKS_FOLDER_PATH}/FacebookLogin.framework",
				"${TARGET_BUILD_DIR}/${FRAMEWORKS_FOLDER_PATH}/GTMSessionFetcher.framework",
				"${TARGET_BUILD_DIR}/${FRAMEWORKS_FOLDER_PATH}/GoogleToolboxForMac.framework",
				"${TARGET_BUILD_DIR}/${FRAMEWORKS_FOLDER_PATH}/JSQMessagesViewController.framework",
				"${TARGET_BUILD_DIR}/${FRAMEWORKS_FOLDER_PATH}/JSQSystemSoundPlayer.framework",
				"${TARGET_BUILD_DIR}/${FRAMEWORKS_FOLDER_PATH}/Kingfisher.framework",
				"${TARGET_BUILD_DIR}/${FRAMEWORKS_FOLDER_PATH}/OAuthSwift.framework",
				"${TARGET_BUILD_DIR}/${FRAMEWORKS_FOLDER_PATH}/Result.framework",
				"${TARGET_BUILD_DIR}/${FRAMEWORKS_FOLDER_PATH}/VideoBackground.framework",
				"${TARGET_BUILD_DIR}/${FRAMEWORKS_FOLDER_PATH}/YelpAPI.framework",
				"${TARGET_BUILD_DIR}/${FRAMEWORKS_FOLDER_PATH}/nanopb.framework",
			);
			runOnlyForDeploymentPostprocessing = 0;
			shellPath = /bin/sh;
			shellScript = "\"${SRCROOT}/Pods/Target Support Files/Pods-iosapp/Pods-iosapp-frameworks.sh\"\n";
			showEnvVarsInLog = 0;
		};
/* End PBXShellScriptBuildPhase section */

/* Begin PBXSourcesBuildPhase section */
		F9873D3C1F2645300087935E /* Sources */ = {
			isa = PBXSourcesBuildPhase;
			buildActionMask = 2147483647;
			files = (
				F9287A011F2B963B005FDBCC /* CreateUsernameViewController.swift in Sources */,
				F945A6481F30FA0F00D8112E /* MGPhotoHelper.swift in Sources */,
				F9C3F6221F44832000AAB7AD /* Chat.swift in Sources */,
				F9C3F6241F44833E00AAB7AD /* Message.swift in Sources */,
				F9C3F62D1F449BA300AAB7AD /* ChatListViewController.swift in Sources */,
				F9873D5C1F2646CB0087935E /* UserService.swift in Sources */,
				F9E26ED31F4B735300B54401 /* CustomTableViewCell.swift in Sources */,
				F9C3F6291F449B3100AAB7AD /* ChatListCell.swift in Sources */,
				F9C3F62F1F449BBB00AAB7AD /* NewChatViewController.swift in Sources */,
				F9873D461F2645300087935E /* ViewController.swift in Sources */,
				F9C737181F6856BF009F56DE /* GradientView.swift in Sources */,
				F9C3F6261F449A6F00AAB7AD /* ChatService.swift in Sources */,
				F9C3F6311F449BD400AAB7AD /* ChatViewController.swift in Sources */,
				F9C3F6361F48C7C700AAB7AD /* DestinationChoicesViewController.swift in Sources */,
				F9873D441F2645300087935E /* AppDelegate.swift in Sources */,
				F945A64B1F30FAD600D8112E /* StorageService.swift in Sources */,
				F9C3F62B1F449B5400AAB7AD /* NewChatUserCell.swift in Sources */,
				F945A6531F3219A600D8112E /* Location.swift in Sources */,
				F945A64D1F30FC3000D8112E /* StorageReference.swift in Sources */,
				F92879FE1F2B8B65005FDBCC /* Constants.swift in Sources */,
				F945A6511F32199400D8112E /* LocationService.swift in Sources */,
				F92879FB1F2B8685005FDBCC /* Storyboard+Utility.swift in Sources */,
				F92879F91F2B837D005FDBCC /* LoginViewController.swift in Sources */,
				F9873D591F26469D0087935E /* User.swift in Sources */,
				F945A6551F32261600D8112E /* YelpService.swift in Sources */,
				F945A6571F32615D00D8112E /* YLPClient+Futures.swift in Sources */,
			);
			runOnlyForDeploymentPostprocessing = 0;
		};
/* End PBXSourcesBuildPhase section */

/* Begin PBXVariantGroup section */
		F9287A051F2BA969005FDBCC /* Main.storyboard */ = {
			isa = PBXVariantGroup;
			children = (
				F9287A041F2BA969005FDBCC /* Base */,
			);
			name = Main.storyboard;
			sourceTree = "<group>";
		};
		F9873D4C1F2645300087935E /* LaunchScreen.storyboard */ = {
			isa = PBXVariantGroup;
			children = (
				F9873D4D1F2645300087935E /* Base */,
			);
			name = LaunchScreen.storyboard;
			sourceTree = "<group>";
		};
		F9C3F6321F44CF8C00AAB7AD /* Chat.storyboard */ = {
			isa = PBXVariantGroup;
			children = (
				F9C3F6331F44CF8C00AAB7AD /* Base */,
			);
			name = Chat.storyboard;
			sourceTree = "<group>";
		};
/* End PBXVariantGroup section */

/* Begin XCBuildConfiguration section */
		F9873D501F2645300087935E /* Debug */ = {
			isa = XCBuildConfiguration;
			buildSettings = {
				ALWAYS_SEARCH_USER_PATHS = NO;
				CLANG_ANALYZER_NONNULL = YES;
				CLANG_ANALYZER_NUMBER_OBJECT_CONVERSION = YES_AGGRESSIVE;
				CLANG_CXX_LANGUAGE_STANDARD = "gnu++0x";
				CLANG_CXX_LIBRARY = "libc++";
				CLANG_ENABLE_MODULES = YES;
				CLANG_ENABLE_OBJC_ARC = YES;
				CLANG_WARN_BOOL_CONVERSION = YES;
				CLANG_WARN_CONSTANT_CONVERSION = YES;
				CLANG_WARN_DIRECT_OBJC_ISA_USAGE = YES_ERROR;
				CLANG_WARN_DOCUMENTATION_COMMENTS = YES;
				CLANG_WARN_EMPTY_BODY = YES;
				CLANG_WARN_ENUM_CONVERSION = YES;
				CLANG_WARN_INFINITE_RECURSION = YES;
				CLANG_WARN_INT_CONVERSION = YES;
				CLANG_WARN_OBJC_ROOT_CLASS = YES_ERROR;
				CLANG_WARN_SUSPICIOUS_MOVE = YES;
				CLANG_WARN_UNREACHABLE_CODE = YES;
				CLANG_WARN__DUPLICATE_METHOD_MATCH = YES;
				"CODE_SIGN_IDENTITY[sdk=iphoneos*]" = "iPhone Developer";
				COPY_PHASE_STRIP = NO;
				DEBUG_INFORMATION_FORMAT = dwarf;
				ENABLE_STRICT_OBJC_MSGSEND = YES;
				ENABLE_TESTABILITY = YES;
				GCC_C_LANGUAGE_STANDARD = gnu99;
				GCC_DYNAMIC_NO_PIC = NO;
				GCC_NO_COMMON_BLOCKS = YES;
				GCC_OPTIMIZATION_LEVEL = 0;
				GCC_PREPROCESSOR_DEFINITIONS = (
					"DEBUG=1",
					"$(inherited)",
				);
				GCC_WARN_64_TO_32_BIT_CONVERSION = YES;
				GCC_WARN_ABOUT_RETURN_TYPE = YES_ERROR;
				GCC_WARN_UNDECLARED_SELECTOR = YES;
				GCC_WARN_UNINITIALIZED_AUTOS = YES_AGGRESSIVE;
				GCC_WARN_UNUSED_FUNCTION = YES;
				GCC_WARN_UNUSED_VARIABLE = YES;
				IPHONEOS_DEPLOYMENT_TARGET = 10.3;
				MTL_ENABLE_DEBUG_INFO = YES;
				ONLY_ACTIVE_ARCH = YES;
				SDKROOT = iphoneos;
				SWIFT_ACTIVE_COMPILATION_CONDITIONS = DEBUG;
				SWIFT_OPTIMIZATION_LEVEL = "-Onone";
			};
			name = Debug;
		};
		F9873D511F2645300087935E /* Release */ = {
			isa = XCBuildConfiguration;
			buildSettings = {
				ALWAYS_SEARCH_USER_PATHS = NO;
				CLANG_ANALYZER_NONNULL = YES;
				CLANG_ANALYZER_NUMBER_OBJECT_CONVERSION = YES_AGGRESSIVE;
				CLANG_CXX_LANGUAGE_STANDARD = "gnu++0x";
				CLANG_CXX_LIBRARY = "libc++";
				CLANG_ENABLE_MODULES = YES;
				CLANG_ENABLE_OBJC_ARC = YES;
				CLANG_WARN_BOOL_CONVERSION = YES;
				CLANG_WARN_CONSTANT_CONVERSION = YES;
				CLANG_WARN_DIRECT_OBJC_ISA_USAGE = YES_ERROR;
				CLANG_WARN_DOCUMENTATION_COMMENTS = YES;
				CLANG_WARN_EMPTY_BODY = YES;
				CLANG_WARN_ENUM_CONVERSION = YES;
				CLANG_WARN_INFINITE_RECURSION = YES;
				CLANG_WARN_INT_CONVERSION = YES;
				CLANG_WARN_OBJC_ROOT_CLASS = YES_ERROR;
				CLANG_WARN_SUSPICIOUS_MOVE = YES;
				CLANG_WARN_UNREACHABLE_CODE = YES;
				CLANG_WARN__DUPLICATE_METHOD_MATCH = YES;
				"CODE_SIGN_IDENTITY[sdk=iphoneos*]" = "iPhone Developer";
				COPY_PHASE_STRIP = NO;
				DEBUG_INFORMATION_FORMAT = "dwarf-with-dsym";
				ENABLE_NS_ASSERTIONS = NO;
				ENABLE_STRICT_OBJC_MSGSEND = YES;
				GCC_C_LANGUAGE_STANDARD = gnu99;
				GCC_NO_COMMON_BLOCKS = YES;
				GCC_WARN_64_TO_32_BIT_CONVERSION = YES;
				GCC_WARN_ABOUT_RETURN_TYPE = YES_ERROR;
				GCC_WARN_UNDECLARED_SELECTOR = YES;
				GCC_WARN_UNINITIALIZED_AUTOS = YES_AGGRESSIVE;
				GCC_WARN_UNUSED_FUNCTION = YES;
				GCC_WARN_UNUSED_VARIABLE = YES;
				IPHONEOS_DEPLOYMENT_TARGET = 10.3;
				MTL_ENABLE_DEBUG_INFO = NO;
				SDKROOT = iphoneos;
				SWIFT_OPTIMIZATION_LEVEL = "-Owholemodule";
				VALIDATE_PRODUCT = YES;
			};
			name = Release;
		};
		F9873D531F2645300087935E /* Debug */ = {
			isa = XCBuildConfiguration;
			baseConfigurationReference = A542D5A165F69F985F37E01E /* Pods-iosapp.debug.xcconfig */;
			buildSettings = {
				ASSETCATALOG_COMPILER_APPICON_NAME = AppIcon;
				DEVELOPMENT_TEAM = 2CL75PM5U8;
				INFOPLIST_FILE = iosapp/Info.plist;
				LD_RUNPATH_SEARCH_PATHS = "$(inherited) @executable_path/Frameworks";
				PRODUCT_BUNDLE_IDENTIFIER = com.sky.iosapp;
				PRODUCT_NAME = "$(TARGET_NAME)";
				SWIFT_VERSION = 3.0;
				TARGETED_DEVICE_FAMILY = 1;
			};
			name = Debug;
		};
		F9873D541F2645300087935E /* Release */ = {
			isa = XCBuildConfiguration;
			baseConfigurationReference = 606E2E9708E6799D1C557787 /* Pods-iosapp.release.xcconfig */;
			buildSettings = {
				ASSETCATALOG_COMPILER_APPICON_NAME = AppIcon;
				DEVELOPMENT_TEAM = 2CL75PM5U8;
				INFOPLIST_FILE = iosapp/Info.plist;
				LD_RUNPATH_SEARCH_PATHS = "$(inherited) @executable_path/Frameworks";
				PRODUCT_BUNDLE_IDENTIFIER = com.sky.iosapp;
				PRODUCT_NAME = "$(TARGET_NAME)";
				SWIFT_VERSION = 3.0;
				TARGETED_DEVICE_FAMILY = 1;
			};
			name = Release;
		};
/* End XCBuildConfiguration section */

/* Begin XCConfigurationList section */
		F9873D3B1F2645300087935E /* Build configuration list for PBXProject "iosapp" */ = {
			isa = XCConfigurationList;
			buildConfigurations = (
				F9873D501F2645300087935E /* Debug */,
				F9873D511F2645300087935E /* Release */,
			);
			defaultConfigurationIsVisible = 0;
			defaultConfigurationName = Release;
		};
		F9873D521F2645300087935E /* Build configuration list for PBXNativeTarget "iosapp" */ = {
			isa = XCConfigurationList;
			buildConfigurations = (
				F9873D531F2645300087935E /* Debug */,
				F9873D541F2645300087935E /* Release */,
			);
			defaultConfigurationIsVisible = 0;
			defaultConfigurationName = Release;
		};
/* End XCConfigurationList section */
	};
	rootObject = F9873D381F2645300087935E /* Project object */;
}
